
Microsoft Visual Studio Solution File, Format Version 12.00
# Visual Studio Version 17
VisualStudioVersion = 17.14.36401.2
MinimumVisualStudioVersion = 10.0.40219.1
Project("{FAE04EC0-301F-11D3-BF4B-00C04F79EFBC}") = "UnitTests", "UnitTests\UnitTests.csproj", "{D92DD9B7-48F5-4534-8104-F8A9FC17346B}"
EndProject
Project("{FAE04EC0-301F-11D3-BF4B-00C04F79EFBC}") = "RestfulAPI", "RestfulAPI\RestfulAPI.csproj", "{FC9CBF5A-CFDC-83D6-C427-11B14D271BF9}"
EndProject
Global
	GlobalSection(SolutionConfigurationPlatforms) = preSolution
		Debug|Any CPU = Debug|Any CPU
		Release|Any CPU = Release|Any CPU
	EndGlobalSection
	GlobalSection(ProjectConfigurationPlatforms) = postSolution
		{D92DD9B7-48F5-4534-8104-F8A9FC17346B}.Debug|Any CPU.ActiveCfg = Debug|Any CPU
		{D92DD9B7-48F5-4534-8104-F8A9FC17346B}.Debug|Any CPU.Build.0 = Debug|Any CPU
		{D92DD9B7-48F5-4534-8104-F8A9FC17346B}.Release|Any CPU.ActiveCfg = Release|Any CPU
		{D92DD9B7-48F5-4534-8104-F8A9FC17346B}.Release|Any CPU.Build.0 = Release|Any CPU
		{FC9CBF5A-CFDC-83D6-C427-11B14D271BF9}.Debug|Any CPU.ActiveCfg = Debug|Any CPU
		{FC9CBF5A-CFDC-83D6-C427-11B14D271BF9}.Debug|Any CPU.Build.0 = Debug|Any CPU
		{FC9CBF5A-CFDC-83D6-C427-11B14D271BF9}.Release|Any CPU.ActiveCfg = Release|Any CPU
		{FC9CBF5A-CFDC-83D6-C427-11B14D271BF9}.Release|Any CPU.Build.0 = Release|Any CPU
	EndGlobalSection
	GlobalSection(SolutionProperties) = preSolution
		HideSolutionNode = FALSE
	EndGlobalSection
	GlobalSection(ExtensibilityGlobals) = postSolution
		SolutionGuid = {5CA7DA86-FF67-4D61-8154-EFB6C5AFD2FA}
	EndGlobalSection
EndGlobal
